
Microsoft Visual Studio Solution File, Format Version 12.00
# Visual Studio Version 16
VisualStudioVersion = 16.0.32106.194
MinimumVisualStudioVersion = 10.0.40219.1
Project("{FAE04EC0-301F-11D3-BF4B-00C04F79EFBC}") = "Premium Image Reader", "Premium Image Reader.csproj", "{5C6BB1A6-C0B4-48BA-B952-50E3023626F0}"
EndProject
Global
	GlobalSection(SolutionConfigurationPlatforms) = preSolution
		Debug|Any CPU = Debug|Any CPU
		Release|Any CPU = Release|Any CPU
	EndGlobalSection
	GlobalSection(ProjectConfigurationPlatforms) = postSolution
		{5C6BB1A6-C0B4-48BA-B952-50E3023626F0}.Debug|Any CPU.ActiveCfg = Debug|Any CPU
		{5C6BB1A6-C0B4-48BA-B952-50E3023626F0}.Debug|Any CPU.Build.0 = Debug|Any CPU
		{5C6BB1A6-C0B4-48BA-B952-50E3023626F0}.Release|Any CPU.ActiveCfg = Release|Any CPU
		{5C6BB1A6-C0B4-48BA-B952-50E3023626F0}.Release|Any CPU.Build.0 = Release|Any CPU
	EndGlobalSection
	GlobalSection(SolutionProperties) = preSolution
		HideSolutionNode = FALSE
	EndGlobalSection
	GlobalSection(ExtensibilityGlobals) = postSolution
		SolutionGuid = {91625F43-0F28-4CA3-A202-D6EFF9E9AC0F}
	EndGlobalSection
EndGlobal
